
Microsoft Visual Studio Solution File, Format Version 12.00
# Visual Studio Version 17
VisualStudioVersion = 17.5.002.0
MinimumVisualStudioVersion = 10.0.40219.1
Project("{9A19103F-16F7-4668-BE54-9A1E7A4F7556}") = "Blazique", "Blazique\Blazique.csproj", "{689E4441-A057-4EED-9365-114955AEA475}"
EndProject
Project("{2150E333-8FDC-42A3-9474-1A3956D46DE8}") = "Solution Items", "Solution Items", "{ADEBCD11-D440-4972-893F-78F35ABFA45B}"
	ProjectSection(SolutionItems) = preProject
		.editorconfig = .editorconfig
	EndProjectSection
EndProject
Project("{9A19103F-16F7-4668-BE54-9A1E7A4F7556}") = "Blazique.Benchmarks", "Blazique.Benchmarks\Blazique.Benchmarks.csproj", "{113C0FE0-B350-4C38-885B-01C7746F5AD8}"
EndProject
Global
	GlobalSection(SolutionConfigurationPlatforms) = preSolution
		Debug|Any CPU = Debug|Any CPU
		Release|Any CPU = Release|Any CPU
	EndGlobalSection
	GlobalSection(ProjectConfigurationPlatforms) = postSolution
		{689E4441-A057-4EED-9365-114955AEA475}.Debug|Any CPU.ActiveCfg = Debug|Any CPU
		{689E4441-A057-4EED-9365-114955AEA475}.Debug|Any CPU.Build.0 = Debug|Any CPU
		{689E4441-A057-4EED-9365-114955AEA475}.Release|Any CPU.ActiveCfg = Release|Any CPU
		{689E4441-A057-4EED-9365-114955AEA475}.Release|Any CPU.Build.0 = Release|Any CPU
		{113C0FE0-B350-4C38-885B-01C7746F5AD8}.Debug|Any CPU.ActiveCfg = Debug|Any CPU
		{113C0FE0-B350-4C38-885B-01C7746F5AD8}.Debug|Any CPU.Build.0 = Debug|Any CPU
		{113C0FE0-B350-4C38-885B-01C7746F5AD8}.Release|Any CPU.ActiveCfg = Release|Any CPU
		{113C0FE0-B350-4C38-885B-01C7746F5AD8}.Release|Any CPU.Build.0 = Release|Any CPU
	EndGlobalSection
	GlobalSection(SolutionProperties) = preSolution
		HideSolutionNode = FALSE
	EndGlobalSection
	GlobalSection(ExtensibilityGlobals) = postSolution
		SolutionGuid = {24E6B5AA-777B-4D2A-99A0-C855C47EA1BA}
	EndGlobalSection
EndGlobal
